<?xml version="1.0" encoding="utf-8"?>
<Project ToolsVersion="4.0" xmlns="http://schemas.microsoft.com/developer/msbuild/2003">
  <ItemGroup>
    <Filter Include="Application Manager">
      <UniqueIdentifier>{be3a4e10-d854-4bf8-9add-2f85904b4103}</UniqueIdentifier>
    </Filter>
    <Filter Include="IO Classes">
      <UniqueIdentifier>{03fd4e0d-92e0-4271-bb9b-d6e9f21ec35f}</UniqueIdentifier>
    </Filter>
    <Filter Include="Parser Classes">
      <UniqueIdentifier>{cc2f4f46-2b97-4337-b924-0771e382c57b}</UniqueIdentifier>
    </Filter>
    <Filter Include="Packets Classes">
      <UniqueIdentifier>{669b12be-b058-4243-a2d6-ab8d78673c25}</UniqueIdentifier>
    </Filter>
  </ItemGroup>
  <ItemGroup>
    <ClCompile Include="ApplicationManager.cpp">
      <Filter>Application Manager</Filter>
    </ClCompile>
    <ClCompile Include="main.cpp" />
    <ClCompile Include="IO\StdInput.cpp">
      <Filter>IO Classes</Filter>
    </ClCompile>
    <ClCompile Include="IO\FileInput.cpp">
      <Filter>IO Classes</Filter>
    </ClCompile>
    <ClCompile Include="Packets\Packet.cpp">
      <Filter>Packets Classes</Filter>
    </ClCompile>
    <ClCompile Include="Packets\IPPacket.cpp">
      <Filter>Packets Classes</Filter>
    </ClCompile>
    <ClCompile Include="Packets\ARPPacket.cpp">
      <Filter>Packets Classes</Filter>
    </ClCompile>
    <ClCompile Include="Parser\Parser.cpp">
      <Filter>Parser Classes</Filter>
    </ClCompile>
    <ClCompile Include="IO\Input.cpp">
      <Filter>IO Classes</Filter>
    </ClCompile>
    <ClCompile Include="IO\Output.cpp">
      <Filter>IO Classes</Filter>
    </ClCompile>
    <ClCompile Include="IO\StdOutput.cpp">
      <Filter>IO Classes</Filter>
    </ClCompile>
    <ClCompile Include="IO\FileOutput.cpp">
      <Filter>IO Classes</Filter>
    </ClCompile>
    <ClCompile Include="Parser\ICMPPayloadParser.cpp">
      <Filter>Parser Classes</Filter>
    </ClCompile>
    <ClCompile Include="Parser\UDPPayloadParser.cpp">
      <Filter>Parser Classes</Filter>
    </ClCompile>
  </ItemGroup>
  <ItemGroup>
    <ClInclude Include="IO\Input.h">
      <Filter>IO Classes</Filter>
    </ClInclude>
    <ClInclude Include="IO\Output.h">
      <Filter>IO Classes</Filter>
    </ClInclude>
    <ClInclude Include="ApplicationManager.h">
      <Filter>Application Manager</Filter>
    </ClInclude>
    <ClInclude Include="DEFS.h" />
    <ClInclude Include="Parser\Parser.h">
      <Filter>Parser Classes</Filter>
    </ClInclude>
    <ClInclude Include="Packets\Packet.h">
      <Filter>Packets Classes</Filter>
    </ClInclude>
    <ClInclude Include="IO\StdInput.h">
      <Filter>IO Classes</Filter>
    </ClInclude>
    <ClInclude Include="IO\FileInput.h">
      <Filter>IO Classes</Filter>
    </ClInclude>
    <ClInclude Include="Packets\IPPacket.h">
      <Filter>Packets Classes</Filter>
    </ClInclude>
    <ClInclude Include="Packets\ARPPacket.h">
      <Filter>Packets Classes</Filter>
    </ClInclude>
    <ClInclude Include="IO\StdOutput.h">
      <Filter>IO Classes</Filter>
    </ClInclude>
    <ClInclude Include="IO\FileOutput.h">
      <Filter>IO Classes</Filter>
    </ClInclude>
    <ClInclude Include="Parser\IPPayloadParser.h">
      <Filter>Parser Classes</Filter>
    </ClInclude>
    <ClInclude Include="Parser\ICMPPayloadParser.h">
      <Filter>Parser Classes</Filter>
    </ClInclude>
    <ClInclude Include="Parser\UDPPayloadParser.h">
      <Filter>Parser Classes</Filter>
    </ClInclude>
  </ItemGroup>
</Project>